
Microsoft Visual Studio Solution File, Format Version 12.00
# Visual Studio Version 16
VisualStudioVersion = 16.0.30907.101
MinimumVisualStudioVersion = 10.0.40219.1
Project("{FAE04EC0-301F-11D3-BF4B-00C04F79EFBC}") = "MoodAnalyserDay12", "MoodAnalyserDay12\MoodAnalyserDay12.csproj", "{19E36E0A-ED60-45DB-A694-EAD972974A37}"
EndProject
Global
	GlobalSection(SolutionConfigurationPlatforms) = preSolution
		Debug|Any CPU = Debug|Any CPU
		Release|Any CPU = Release|Any CPU
	EndGlobalSection
	GlobalSection(ProjectConfigurationPlatforms) = postSolution
		{19E36E0A-ED60-45DB-A694-EAD972974A37}.Debug|Any CPU.ActiveCfg = Debug|Any CPU
		{19E36E0A-ED60-45DB-A694-EAD972974A37}.Debug|Any CPU.Build.0 = Debug|Any CPU
		{19E36E0A-ED60-45DB-A694-EAD972974A37}.Release|Any CPU.ActiveCfg = Release|Any CPU
		{19E36E0A-ED60-45DB-A694-EAD972974A37}.Release|Any CPU.Build.0 = Release|Any CPU
	EndGlobalSection
	GlobalSection(SolutionProperties) = preSolution
		HideSolutionNode = FALSE
	EndGlobalSection
	GlobalSection(ExtensibilityGlobals) = postSolution
		SolutionGuid = {CDDCA855-25D5-40DB-B4D7-959E48BCB361}
	EndGlobalSection
EndGlobal
